// !$*UTF8*$!
{
	archiveVersion = 1;
	classes = {
	};
	objectVersion = 50;
	objects = {

/* Begin PBXBuildFile section */
		52D8CC0CF61EC1BDB19D905E /* Pods_LoadRemoteImageAndChangeUI.framework in Frameworks */ = {isa = PBXBuildFile; fileRef = 58FA75EE53C588F6B96CAE72 /* Pods_LoadRemoteImageAndChangeUI.framework */; };
		E0AE4E60241E0B240045ABA7 /* AppDelegate.swift in Sources */ = {isa = PBXBuildFile; fileRef = E0AE4E5F241E0B240045ABA7 /* AppDelegate.swift */; };
		E0AE4E62241E0B240045ABA7 /* SceneDelegate.swift in Sources */ = {isa = PBXBuildFile; fileRef = E0AE4E61241E0B240045ABA7 /* SceneDelegate.swift */; };
		E0AE4E64241E0B240045ABA7 /* ContentView.swift in Sources */ = {isa = PBXBuildFile; fileRef = E0AE4E63241E0B240045ABA7 /* ContentView.swift */; };
		E0AE4E66241E0B260045ABA7 /* Assets.xcassets in Resources */ = {isa = PBXBuildFile; fileRef = E0AE4E65241E0B260045ABA7 /* Assets.xcassets */; };
		E0AE4E69241E0B260045ABA7 /* Preview Assets.xcassets in Resources */ = {isa = PBXBuildFile; fileRef = E0AE4E68241E0B260045ABA7 /* Preview Assets.xcassets */; };
		E0AE4E6C241E0B260045ABA7 /* LaunchScreen.storyboard in Resources */ = {isa = PBXBuildFile; fileRef = E0AE4E6A241E0B260045ABA7 /* LaunchScreen.storyboard */; };
/* End PBXBuildFile section */

/* Begin PBXFileReference section */
		58FA75EE53C588F6B96CAE72 /* Pods_LoadRemoteImageAndChangeUI.framework */ = {isa = PBXFileReference; explicitFileType = wrapper.framework; includeInIndex = 0; path = Pods_LoadRemoteImageAndChangeUI.framework; sourceTree = BUILT_PRODUCTS_DIR; };
		BCBA551A0D7148E7FF000B46 /* Pods-LoadRemoteImageAndChangeUI.debug.xcconfig */ = {isa = PBXFileReference; includeInIndex = 1; lastKnownFileType = text.xcconfig; name = "Pods-LoadRemoteImageAndChangeUI.debug.xcconfig"; path = "Target Support Files/Pods-LoadRemoteImageAndChangeUI/Pods-LoadRemoteImageAndChangeUI.debug.xcconfig"; sourceTree = "<group>"; };
		E0AE4E5C241E0B240045ABA7 /* LoadRemoteImageAndChangeUI.app */ = {isa = PBXFileReference; explicitFileType = wrapper.application; includeInIndex = 0; path = LoadRemoteImageAndChangeUI.app; sourceTree = BUILT_PRODUCTS_DIR; };
		E0AE4E5F241E0B240045ABA7 /* AppDelegate.swift */ = {isa = PBXFileReference; lastKnownFileType = sourcecode.swift; path = AppDelegate.swift; sourceTree = "<group>"; };
		E0AE4E61241E0B240045ABA7 /* SceneDelegate.swift */ = {isa = PBXFileReference; lastKnownFileType = sourcecode.swift; path = SceneDelegate.swift; sourceTree = "<group>"; };
		E0AE4E63241E0B240045ABA7 /* ContentView.swift */ = {isa = PBXFileReference; lastKnownFileType = sourcecode.swift; path = ContentView.swift; sourceTree = "<group>"; };
		E0AE4E65241E0B260045ABA7 /* Assets.xcassets */ = {isa = PBXFileReference; lastKnownFileType = folder.assetcatalog; path = Assets.xcassets; sourceTree = "<group>"; };
		E0AE4E68241E0B260045ABA7 /* Preview Assets.xcassets */ = {isa = PBXFileReference; lastKnownFileType = folder.assetcatalog; path = "Preview Assets.xcassets"; sourceTree = "<group>"; };
		E0AE4E6B241E0B260045ABA7 /* Base */ = {isa = PBXFileReference; lastKnownFileType = file.storyboard; name = Base; path = Base.lproj/LaunchScreen.storyboard; sourceTree = "<group>"; };
		E0AE4E6D241E0B260045ABA7 /* Info.plist */ = {isa = PBXFileReference; lastKnownFileType = text.plist.xml; path = Info.plist; sourceTree = "<group>"; };
		F23FCE1B20FDC7EE30EB08B4 /* Pods-LoadRemoteImageAndChangeUI.release.xcconfig */ = {isa = PBXFileReference; includeInIndex = 1; lastKnownFileType = text.xcconfig; name = "Pods-LoadRemoteImageAndChangeUI.release.xcconfig"; path = "Target Support Files/Pods-LoadRemoteImageAndChangeUI/Pods-LoadRemoteImageAndChangeUI.release.xcconfig"; sourceTree = "<group>"; };
/* End PBXFileReference section */

/* Begin PBXFrameworksBuildPhase section */
		E0AE4E59241E0B240045ABA7 /* Frameworks */ = {
			isa = PBXFrameworksBuildPhase;
			buildActionMask = 2147483647;
			files = (
				52D8CC0CF61EC1BDB19D905E /* Pods_LoadRemoteImageAndChangeUI.framework in Frameworks */,
			);
			runOnlyForDeploymentPostprocessing = 0;
		};
/* End PBXFrameworksBuildPhase section */

/* Begin PBXGroup section */
		3E43A3F92E323B23F1B948CD /* Frameworks */ = {
			isa = PBXGroup;
			children = (
				58FA75EE53C588F6B96CAE72 /* Pods_LoadRemoteImageAndChangeUI.framework */,
			);
			name = Frameworks;
			sourceTree = "<group>";
		};
		C68264AB1821BD70AF6111AF /* Pods */ = {
			isa = PBXGroup;
			children = (
				BCBA551A0D7148E7FF000B46 /* Pods-LoadRemoteImageAndChangeUI.debug.xcconfig */,
				F23FCE1B20FDC7EE30EB08B4 /* Pods-LoadRemoteImageAndChangeUI.release.xcconfig */,
			);
			name = Pods;
			path = Pods;
			sourceTree = "<group>";
		};
		E0AE4E53241E0B240045ABA7 = {
			isa = PBXGroup;
			children = (
				E0AE4E5E241E0B240045ABA7 /* LoadRemoteImageAndChangeUI */,
				E0AE4E5D241E0B240045ABA7 /* Products */,
				C68264AB1821BD70AF6111AF /* Pods */,
				3E43A3F92E323B23F1B948CD /* Frameworks */,
			);
			sourceTree = "<group>";
		};
		E0AE4E5D241E0B240045ABA7 /* Products */ = {
			isa = PBXGroup;
			children = (
				E0AE4E5C241E0B240045ABA7 /* LoadRemoteImageAndChangeUI.app */,
			);
			name = Products;
			sourceTree = "<group>";
		};
		E0AE4E5E241E0B240045ABA7 /* LoadRemoteImageAndChangeUI */ = {
			isa = PBXGroup;
			children = (
				E0AE4E5F241E0B240045ABA7 /* AppDelegate.swift */,
				E0AE4E61241E0B240045ABA7 /* SceneDelegate.swift */,
				E0AE4E63241E0B240045ABA7 /* ContentView.swift */,
				E0AE4E65241E0B260045ABA7 /* Assets.xcassets */,
				E0AE4E6A241E0B260045ABA7 /* LaunchScreen.storyboard */,
				E0AE4E6D241E0B260045ABA7 /* Info.plist */,
				E0AE4E67241E0B260045ABA7 /* Preview Content */,
			);
			path = LoadRemoteImageAndChangeUI;
			sourceTree = "<group>";
		};
		E0AE4E67241E0B260045ABA7 /* Preview Content */ = {
			isa = PBXGroup;
			children = (
				E0AE4E68241E0B260045ABA7 /* Preview Assets.xcassets */,
			);
			path = "Preview Content";
			sourceTree = "<group>";
		};
/* End PBXGroup section */

/* Begin PBXNativeTarget section */
		E0AE4E5B241E0B240045ABA7 /* LoadRemoteImageAndChangeUI */ = {
			isa = PBXNativeTarget;
			buildConfigurationList = E0AE4E70241E0B260045ABA7 /* Build configuration list for PBXNativeTarget "LoadRemoteImageAndChangeUI" */;
			buildPhases = (
				AC06A5BC962B1A88306435B7 /* [CP] Check Pods Manifest.lock */,
				E0AE4E58241E0B240045ABA7 /* Sources */,
				E0AE4E59241E0B240045ABA7 /* Frameworks */,
				E0AE4E5A241E0B240045ABA7 /* Resources */,
				F21A6FD18272AD6DE8F21C28 /* [CP] Embed Pods Frameworks */,
			);
			buildRules = (
			);
			dependencies = (
			);
			name = LoadRemoteImageAndChangeUI;
			productName = LoadRemoteImageAndChangeUI;
			productReference = E0AE4E5C241E0B240045ABA7 /* LoadRemoteImageAndChangeUI.app */;
			productType = "com.apple.product-type.application";
		};
/* End PBXNativeTarget section */

/* Begin PBXProject section */
		E0AE4E54241E0B240045ABA7 /* Project object */ = {
			isa = PBXProject;
			attributes = {
				LastSwiftUpdateCheck = 1130;
				LastUpgradeCheck = 1130;
				ORGANIZATIONNAME = Jolly;
				TargetAttributes = {
					E0AE4E5B241E0B240045ABA7 = {
						CreatedOnToolsVersion = 11.3.1;
					};
				};
			};
			buildConfigurationList = E0AE4E57241E0B240045ABA7 /* Build configuration list for PBXProject "LoadRemoteImageAndChangeUI" */;
			compatibilityVersion = "Xcode 9.3";
			developmentRegion = en;
			hasScannedForEncodings = 0;
			knownRegions = (
				en,
				Base,
			);
			mainGroup = E0AE4E53241E0B240045ABA7;
			productRefGroup = E0AE4E5D241E0B240045ABA7 /* Products */;
			projectDirPath = "";
			projectRoot = "";
			targets = (
				E0AE4E5B241E0B240045ABA7 /* LoadRemoteImageAndChangeUI */,
			);
		};
/* End PBXProject section */

/* Begin PBXResourcesBuildPhase section */
		E0AE4E5A241E0B240045ABA7 /* Resources */ = {
			isa = PBXResourcesBuildPhase;
			buildActionMask = 2147483647;
			files = (
				E0AE4E6C241E0B260045ABA7 /* LaunchScreen.storyboard in Resources */,
				E0AE4E69241E0B260045ABA7 /* Preview Assets.xcassets in Resources */,
				E0AE4E66241E0B260045ABA7 /* Assets.xcassets in Resources */,
			);
			runOnlyForDeploymentPostprocessing = 0;
		};
/* End PBXResourcesBuildPhase section */

/* Begin PBXShellScriptBuildPhase section */
		AC06A5BC962B1A88306435B7 /* [CP] Check Pods Manifest.lock */ = {
			isa = PBXShellScriptBuildPhase;
			buildActionMask = 2147483647;
			files = (
			);
			inputFileListPaths = (
			);
			inputPaths = (
				"${PODS_PODFILE_DIR_PATH}/Podfile.lock",
				"${PODS_ROOT}/Manifest.lock",
			);
			name = "[CP] Check Pods Manifest.lock";
			outputFileListPaths = (
			);
			outputPaths = (
				"$(DERIVED_FILE_DIR)/Pods-LoadRemoteImageAndChangeUI-checkManifestLockResult.txt",
			);
			runOnlyForDeploymentPostprocessing = 0;
			shellPath = /bin/sh;
			shellScript = "diff \"${PODS_PODFILE_DIR_PATH}/Podfile.lock\" \"${PODS_ROOT}/Manifest.lock\" > /dev/null\nif [ $? != 0 ] ; then\n    # print error to STDERR\n    echo \"error: The sandbox is not in sync with the Podfile.lock. Run 'pod install' or update your CocoaPods installation.\" >&2\n    exit 1\nfi\n# This output is used by Xcode 'outputs' to avoid re-running this script phase.\necho \"SUCCESS\" > \"${SCRIPT_OUTPUT_FILE_0}\"\n";
			showEnvVarsInLog = 0;
		};
		F21A6FD18272AD6DE8F21C28 /* [CP] Embed Pods Frameworks */ = {
			isa = PBXShellScriptBuildPhase;
			buildActionMask = 2147483647;
			files = (
			);
			inputFileListPaths = (
				"${PODS_ROOT}/Target Support Files/Pods-LoadRemoteImageAndChangeUI/Pods-LoadRemoteImageAndChangeUI-frameworks-${CONFIGURATION}-input-files.xcfilelist",
			);
			name = "[CP] Embed Pods Frameworks";
			outputFileListPaths = (
				"${PODS_ROOT}/Target Support Files/Pods-LoadRemoteImageAndChangeUI/Pods-LoadRemoteImageAndChangeUI-frameworks-${CONFIGURATION}-output-files.xcfilelist",
			);
			runOnlyForDeploymentPostprocessing = 0;
			shellPath = /bin/sh;
			shellScript = "\"${PODS_ROOT}/Target Support Files/Pods-LoadRemoteImageAndChangeUI/Pods-LoadRemoteImageAndChangeUI-frameworks.sh\"\n";
			showEnvVarsInLog = 0;
		};
/* End PBXShellScriptBuildPhase section */

/* Begin PBXSourcesBuildPhase section */
		E0AE4E58241E0B240045ABA7 /* Sources */ = {
			isa = PBXSourcesBuildPhase;
			buildActionMask = 2147483647;
			files = (
				E0AE4E60241E0B240045ABA7 /* AppDelegate.swift in Sources */,
				E0AE4E62241E0B240045ABA7 /* SceneDelegate.swift in Sources */,
				E0AE4E64241E0B240045ABA7 /* ContentView.swift in Sources */,
			);
			runOnlyForDeploymentPostprocessing = 0;
		};
/* End PBXSourcesBuildPhase section */

/* Begin PBXVariantGroup section */
		E0AE4E6A241E0B260045ABA7 /* LaunchScreen.storyboard */ = {
			isa = PBXVariantGroup;
			children = (
				E0AE4E6B241E0B260045ABA7 /* Base */,
			);
			name = LaunchScreen.storyboard;
			sourceTree = "<group>";
		};
/* End PBXVariantGroup section */

/* Begin XCBuildConfiguration section */
		E0AE4E6E241E0B260045ABA7 /* Debug */ = {
			isa = XCBuildConfiguration;
			buildSettings = {
				ALWAYS_SEARCH_USER_PATHS = NO;
				CLANG_ANALYZER_NONNULL = YES;
				CLANG_ANALYZER_NUMBER_OBJECT_CONVERSION = YES_AGGRESSIVE;
				CLANG_CXX_LANGUAGE_STANDARD = "gnu++14";
				CLANG_CXX_LIBRARY = "libc++";
				CLANG_ENABLE_MODULES = YES;
				CLANG_ENABLE_OBJC_ARC = YES;
				CLANG_ENABLE_OBJC_WEAK = YES;
				CLANG_WARN_BLOCK_CAPTURE_AUTORELEASING = YES;
				CLANG_WARN_BOOL_CONVERSION = YES;
				CLANG_WARN_COMMA = YES;
				CLANG_WARN_CONSTANT_CONVERSION = YES;
				CLANG_WARN_DEPRECATED_OBJC_IMPLEMENTATIONS = YES;
				CLANG_WARN_DIRECT_OBJC_ISA_USAGE = YES_ERROR;
				CLANG_WARN_DOCUMENTATION_COMMENTS = YES;
				CLANG_WARN_EMPTY_BODY = YES;
				CLANG_WARN_ENUM_CONVERSION = YES;
				CLANG_WARN_INFINITE_RECURSION = YES;
				CLANG_WARN_INT_CONVERSION = YES;
				CLANG_WARN_NON_LITERAL_NULL_CONVERSION = YES;
				CLANG_WARN_OBJC_IMPLICIT_RETAIN_SELF = YES;
				CLANG_WARN_OBJC_LITERAL_CONVERSION = YES;
				CLANG_WARN_OBJC_ROOT_CLASS = YES_ERROR;
				CLANG_WARN_RANGE_LOOP_ANALYSIS = YES;
				CLANG_WARN_STRICT_PROTOTYPES = YES;
				CLANG_WARN_SUSPICIOUS_MOVE = YES;
				CLANG_WARN_UNGUARDED_AVAILABILITY = YES_AGGRESSIVE;
				CLANG_WARN_UNREACHABLE_CODE = YES;
				CLANG_WARN__DUPLICATE_METHOD_MATCH = YES;
				COPY_PHASE_STRIP = NO;
				DEBUG_INFORMATION_FORMAT = dwarf;
				ENABLE_STRICT_OBJC_MSGSEND = YES;
				ENABLE_TESTABILITY = YES;
				GCC_C_LANGUAGE_STANDARD = gnu11;
				GCC_DYNAMIC_NO_PIC = NO;
				GCC_NO_COMMON_BLOCKS = YES;
				GCC_OPTIMIZATION_LEVEL = 0;
				GCC_PREPROCESSOR_DEFINITIONS = (
					"DEBUG=1",
					"$(inherited)",
				);
				GCC_WARN_64_TO_32_BIT_CONVERSION = YES;
				GCC_WARN_ABOUT_RETURN_TYPE = YES_ERROR;
				GCC_WARN_UNDECLARED_SELECTOR = YES;
				GCC_WARN_UNINITIALIZED_AUTOS = YES_AGGRESSIVE;
				GCC_WARN_UNUSED_FUNCTION = YES;
				GCC_WARN_UNUSED_VARIABLE = YES;
				IPHONEOS_DEPLOYMENT_TARGET = 13.2;
				MTL_ENABLE_DEBUG_INFO = INCLUDE_SOURCE;
				MTL_FAST_MATH = YES;
				ONLY_ACTIVE_ARCH = YES;
				SDKROOT = iphoneos;
				SWIFT_ACTIVE_COMPILATION_CONDITIONS = DEBUG;
				SWIFT_OPTIMIZATION_LEVEL = "-Onone";
			};
			name = Debug;
		};
		E0AE4E6F241E0B260045ABA7 /* Release */ = {
			isa = XCBuildConfiguration;
			buildSettings = {
				ALWAYS_SEARCH_USER_PATHS = NO;
				CLANG_ANALYZER_NONNULL = YES;
				CLANG_ANALYZER_NUMBER_OBJECT_CONVERSION = YES_AGGRESSIVE;
				CLANG_CXX_LANGUAGE_STANDARD = "gnu++14";
				CLANG_CXX_LIBRARY = "libc++";
				CLANG_ENABLE_MODULES = YES;
				CLANG_ENABLE_OBJC_ARC = YES;
				CLANG_ENABLE_OBJC_WEAK = YES;
				CLANG_WARN_BLOCK_CAPTURE_AUTORELEASING = YES;
				CLANG_WARN_BOOL_CONVERSION = YES;
				CLANG_WARN_COMMA = YES;
				CLANG_WARN_CONSTANT_CONVERSION = YES;
				CLANG_WARN_DEPRECATED_OBJC_IMPLEMENTATIONS = YES;
				CLANG_WARN_DIRECT_OBJC_ISA_USAGE = YES_ERROR;
				CLANG_WARN_DOCUMENTATION_COMMENTS = YES;
				CLANG_WARN_EMPTY_BODY = YES;
				CLANG_WARN_ENUM_CONVERSION = YES;
				CLANG_WARN_INFINITE_RECURSION = YES;
				CLANG_WARN_INT_CONVERSION = YES;
				CLANG_WARN_NON_LITERAL_NULL_CONVERSION = YES;
				CLANG_WARN_OBJC_IMPLICIT_RETAIN_SELF = YES;
				CLANG_WARN_OBJC_LITERAL_CONVERSION = YES;
				CLANG_WARN_OBJC_ROOT_CLASS = YES_ERROR;
				CLANG_WARN_RANGE_LOOP_ANALYSIS = YES;
				CLANG_WARN_STRICT_PROTOTYPES = YES;
				CLANG_WARN_SUSPICIOUS_MOVE = YES;
				CLANG_WARN_UNGUARDED_AVAILABILITY = YES_AGGRESSIVE;
				CLANG_WARN_UNREACHABLE_CODE = YES;
				CLANG_WARN__DUPLICATE_METHOD_MATCH = YES;
				COPY_PHASE_STRIP = NO;
				DEBUG_INFORMATION_FORMAT = "dwarf-with-dsym";
				ENABLE_NS_ASSERTIONS = NO;
				ENABLE_STRICT_OBJC_MSGSEND = YES;
				GCC_C_LANGUAGE_STANDARD = gnu11;
				GCC_NO_COMMON_BLOCKS = YES;
				GCC_WARN_64_TO_32_BIT_CONVERSION = YES;
				GCC_WARN_ABOUT_RETURN_TYPE = YES_ERROR;
				GCC_WARN_UNDECLARED_SELECTOR = YES;
				GCC_WARN_UNINITIALIZED_AUTOS = YES_AGGRESSIVE;
				GCC_WARN_UNUSED_FUNCTION = YES;
				GCC_WARN_UNUSED_VARIABLE = YES;
				IPHONEOS_DEPLOYMENT_TARGET = 13.2;
				MTL_ENABLE_DEBUG_INFO = NO;
				MTL_FAST_MATH = YES;
				SDKROOT = iphoneos;
				SWIFT_COMPILATION_MODE = wholemodule;
				SWIFT_OPTIMIZATION_LEVEL = "-O";
				VALIDATE_PRODUCT = YES;
			};
			name = Release;
		};
		E0AE4E71241E0B260045ABA7 /* Debug */ = {
			isa = XCBuildConfiguration;
			baseConfigurationReference = BCBA551A0D7148E7FF000B46 /* Pods-LoadRemoteImageAndChangeUI.debug.xcconfig */;
			buildSettings = {
				ASSETCATALOG_COMPILER_APPICON_NAME = AppIcon;
				CODE_SIGN_STYLE = Automatic;
				DEVELOPMENT_ASSET_PATHS = "\"LoadRemoteImageAndChangeUI/Preview Content\"";
				DEVELOPMENT_TEAM = 2YL578P9NF;
				ENABLE_PREVIEWS = YES;
				INFOPLIST_FILE = LoadRemoteImageAndChangeUI/Info.plist;
				LD_RUNPATH_SEARCH_PATHS = (
					"$(inherited)",
					"@executable_path/Frameworks",
				);
				PRODUCT_BUNDLE_IDENTIFIER = Jolly.LoadRemoteImageAndChangeUI;
				PRODUCT_NAME = "$(TARGET_NAME)";
				SWIFT_VERSION = 5.0;
				TARGETED_DEVICE_FAMILY = "1,2";
			};
			name = Debug;
		};
		E0AE4E72241E0B260045ABA7 /* Release */ = {
			isa = XCBuildConfiguration;
			baseConfigurationReference = F23FCE1B20FDC7EE30EB08B4 /* Pods-LoadRemoteImageAndChangeUI.release.xcconfig */;
			buildSettings = {
				ASSETCATALOG_COMPILER_APPICON_NAME = AppIcon;
				CODE_SIGN_STYLE = Automatic;
				DEVELOPMENT_ASSET_PATHS = "\"LoadRemoteImageAndChangeUI/Preview Content\"";
				DEVELOPMENT_TEAM = 2YL578P9NF;
				ENABLE_PREVIEWS = YES;
				INFOPLIST_FILE = LoadRemoteImageAndChangeUI/Info.plist;
				LD_RUNPATH_SEARCH_PATHS = (
					"$(inherited)",
					"@executable_path/Frameworks",
				);
				PRODUCT_BUNDLE_IDENTIFIER = Jolly.LoadRemoteImageAndChangeUI;
				PRODUCT_NAME = "$(TARGET_NAME)";
				SWIFT_VERSION = 5.0;
				TARGETED_DEVICE_FAMILY = "1,2";
			};
			name = Release;
		};
/* End XCBuildConfiguration section */

/* Begin XCConfigurationList section */
		E0AE4E57241E0B240045ABA7 /* Build configuration list for PBXProject "LoadRemoteImageAndChangeUI" */ = {
			isa = XCConfigurationList;
			buildConfigurations = (
				E0AE4E6E241E0B260045ABA7 /* Debug */,
				E0AE4E6F241E0B260045ABA7 /* Release */,
			);
			defaultConfigurationIsVisible = 0;
			defaultConfigurationName = Release;
		};
		E0AE4E70241E0B260045ABA7 /* Build configuration list for PBXNativeTarget "LoadRemoteImageAndChangeUI" */ = {
			isa = XCConfigurationList;
			buildConfigurations = (
				E0AE4E71241E0B260045ABA7 /* Debug */,
				E0AE4E72241E0B260045ABA7 /* Release */,
			);
			defaultConfigurationIsVisible = 0;
			defaultConfigurationName = Release;
		};
/* End XCConfigurationList section */
	};
	rootObject = E0AE4E54241E0B240045ABA7 /* Project object */;
}
